// !$*UTF8*$!
{
	archiveVersion = 1;
	classes = {
	};
	objectVersion = 46;
	objects = {

/* Begin PBXBuildFile section */
		4302AE401D112A98005B1D4A /* main.m in Sources */ = {isa = PBXBuildFile; fileRef = 4302AE3F1D112A98005B1D4A /* main.m */; };
		4302AE431D112A98005B1D4A /* AppDelegate.m in Sources */ = {isa = PBXBuildFile; fileRef = 4302AE421D112A98005B1D4A /* AppDelegate.m */; };
		4302AE4B1D112A98005B1D4A /* Assets.xcassets in Resources */ = {isa = PBXBuildFile; fileRef = 4302AE4A1D112A98005B1D4A /* Assets.xcassets */; };
		4302AE4E1D112A98005B1D4A /* LaunchScreen.storyboard in Resources */ = {isa = PBXBuildFile; fileRef = 4302AE4C1D112A98005B1D4A /* LaunchScreen.storyboard */; };
		43097EBE1D12299F009DA892 /* WYNewsNormalCell.xib in Resources */ = {isa = PBXBuildFile; fileRef = 43097EBC1D12299F009DA892 /* WYNewsNormalCell.xib */; };
		43629B3B1D119B87002C73B6 /* WYNewsListItem.m in Sources */ = {isa = PBXBuildFile; fileRef = 43629B3A1D119B87002C73B6 /* WYNewsListItem.m */; };
		436F8BC21D13807C00324ADE /* WYNewsCell.m in Sources */ = {isa = PBXBuildFile; fileRef = 436F8BC11D13807C00324ADE /* WYNewsCell.m */; };
		4383A7CE1D12420000967B88 /* WYNewsExtraImagesCell.xib in Resources */ = {isa = PBXBuildFile; fileRef = 4383A7CC1D12420000967B88 /* WYNewsExtraImagesCell.xib */; };
		43A4772A1D112E9E00BCCBB6 /* NSArray+Log.m in Sources */ = {isa = PBXBuildFile; fileRef = 43A477131D112E9E00BCCBB6 /* NSArray+Log.m */; };
		43A4772B1D112E9E00BCCBB6 /* NSAttributedString+CZAdditon.m in Sources */ = {isa = PBXBuildFile; fileRef = 43A477151D112E9E00BCCBB6 /* NSAttributedString+CZAdditon.m */; };
		43A4772C1D112E9E00BCCBB6 /* NSObject+CZRuntime.m in Sources */ = {isa = PBXBuildFile; fileRef = 43A477171D112E9E00BCCBB6 /* NSObject+CZRuntime.m */; };
		43A4772D1D112E9E00BCCBB6 /* NSString+CZBase64.m in Sources */ = {isa = PBXBuildFile; fileRef = 43A477191D112E9E00BCCBB6 /* NSString+CZBase64.m */; };
		43A4772E1D112E9E00BCCBB6 /* NSString+CZHash.m in Sources */ = {isa = PBXBuildFile; fileRef = 43A4771B1D112E9E00BCCBB6 /* NSString+CZHash.m */; };
		43A4772F1D112E9E00BCCBB6 /* NSString+CZPath.m in Sources */ = {isa = PBXBuildFile; fileRef = 43A4771D1D112E9E00BCCBB6 /* NSString+CZPath.m */; };
		43A477301D112E9E00BCCBB6 /* UIButton+CZAddition.m in Sources */ = {isa = PBXBuildFile; fileRef = 43A4771F1D112E9E00BCCBB6 /* UIButton+CZAddition.m */; };
		43A477311D112E9E00BCCBB6 /* UIColor+CZAddition.m in Sources */ = {isa = PBXBuildFile; fileRef = 43A477211D112E9E00BCCBB6 /* UIColor+CZAddition.m */; };
		43A477321D112E9E00BCCBB6 /* UILabel+CZAddition.m in Sources */ = {isa = PBXBuildFile; fileRef = 43A477231D112E9E00BCCBB6 /* UILabel+CZAddition.m */; };
		43A477331D112E9E00BCCBB6 /* UIScreen+CZAddition.m in Sources */ = {isa = PBXBuildFile; fileRef = 43A477251D112E9E00BCCBB6 /* UIScreen+CZAddition.m */; };
		43A477341D112E9E00BCCBB6 /* UIView+CZAddition.m in Sources */ = {isa = PBXBuildFile; fileRef = 43A477271D112E9E00BCCBB6 /* UIView+CZAddition.m */; };
		43A477351D112E9E00BCCBB6 /* UIViewController+CZAddition.m in Sources */ = {isa = PBXBuildFile; fileRef = 43A477291D112E9E00BCCBB6 /* UIViewController+CZAddition.m */; };
		43A4773B1D112F0400BCCBB6 /* WYHomeViewController.m in Sources */ = {isa = PBXBuildFile; fileRef = 43A4773A1D112F0400BCCBB6 /* WYHomeViewController.m */; };
		43A4773E1D112F3100BCCBB6 /* WYMainViewController.m in Sources */ = {isa = PBXBuildFile; fileRef = 43A4773D1D112F3100BCCBB6 /* WYMainViewController.m */; };
		43A477421D114A8300BCCBB6 /* WYNewsListViewController.m in Sources */ = {isa = PBXBuildFile; fileRef = 43A477411D114A8300BCCBB6 /* WYNewsListViewController.m */; };
		43EE6D251D116CDB009678D4 /* CZNetworkManager.m in Sources */ = {isa = PBXBuildFile; fileRef = 43EE6D241D116CDB009678D4 /* CZNetworkManager.m */; };
		5AAFF1FDED88597607851855 /* libPods-网易新闻.a in Frameworks */ = {isa = PBXBuildFile; fileRef = DDD6FE60CE7E4BFD927267AC /* libPods-网易新闻.a */; };
/* End PBXBuildFile section */

/* Begin PBXFileReference section */
		1884A1CF3CF429D18D8203BA /* Pods-网易新闻.release.xcconfig */ = {isa = PBXFileReference; includeInIndex = 1; lastKnownFileType = text.xcconfig; name = "Pods-网易新闻.release.xcconfig"; path = "Pods/Target Support Files/Pods-网易新闻/Pods-网易新闻.release.xcconfig"; sourceTree = "<group>"; };
		4302AE3B1D112A98005B1D4A /* 网易新闻.app */ = {isa = PBXFileReference; explicitFileType = wrapper.application; includeInIndex = 0; path = "网易新闻.app"; sourceTree = BUILT_PRODUCTS_DIR; };
		4302AE3F1D112A98005B1D4A /* main.m */ = {isa = PBXFileReference; lastKnownFileType = sourcecode.c.objc; path = main.m; sourceTree = "<group>"; };
		4302AE411D112A98005B1D4A /* AppDelegate.h */ = {isa = PBXFileReference; lastKnownFileType = sourcecode.c.h; path = AppDelegate.h; sourceTree = "<group>"; };
		4302AE421D112A98005B1D4A /* AppDelegate.m */ = {isa = PBXFileReference; lastKnownFileType = sourcecode.c.objc; path = AppDelegate.m; sourceTree = "<group>"; };
		4302AE4A1D112A98005B1D4A /* Assets.xcassets */ = {isa = PBXFileReference; lastKnownFileType = folder.assetcatalog; path = Assets.xcassets; sourceTree = "<group>"; };
		4302AE4D1D112A98005B1D4A /* Base */ = {isa = PBXFileReference; lastKnownFileType = file.storyboard; name = Base; path = Base.lproj/LaunchScreen.storyboard; sourceTree = "<group>"; };
		4302AE4F1D112A98005B1D4A /* Info.plist */ = {isa = PBXFileReference; lastKnownFileType = text.plist.xml; path = Info.plist; sourceTree = "<group>"; };
		43097EBC1D12299F009DA892 /* WYNewsNormalCell.xib */ = {isa = PBXFileReference; fileEncoding = 4; lastKnownFileType = file.xib; path = WYNewsNormalCell.xib; sourceTree = "<group>"; };
		43629B391D119B87002C73B6 /* WYNewsListItem.h */ = {isa = PBXFileReference; fileEncoding = 4; lastKnownFileType = sourcecode.c.h; path = WYNewsListItem.h; sourceTree = "<group>"; };
		43629B3A1D119B87002C73B6 /* WYNewsListItem.m */ = {isa = PBXFileReference; fileEncoding = 4; lastKnownFileType = sourcecode.c.objc; path = WYNewsListItem.m; sourceTree = "<group>"; };
		436F8BC01D13807C00324ADE /* WYNewsCell.h */ = {isa = PBXFileReference; fileEncoding = 4; lastKnownFileType = sourcecode.c.h; path = WYNewsCell.h; sourceTree = "<group>"; };
		436F8BC11D13807C00324ADE /* WYNewsCell.m */ = {isa = PBXFileReference; fileEncoding = 4; lastKnownFileType = sourcecode.c.objc; path = WYNewsCell.m; sourceTree = "<group>"; };
		4383A7CC1D12420000967B88 /* WYNewsExtraImagesCell.xib */ = {isa = PBXFileReference; fileEncoding = 4; lastKnownFileType = file.xib; path = WYNewsExtraImagesCell.xib; sourceTree = "<group>"; };
		43A477111D112E9E00BCCBB6 /* CZAdditions.h */ = {isa = PBXFileReference; fileEncoding = 4; lastKnownFileType = sourcecode.c.h; path = CZAdditions.h; sourceTree = "<group>"; };
		43A477121D112E9E00BCCBB6 /* NSArray+Log.h */ = {isa = PBXFileReference; fileEncoding = 4; lastKnownFileType = sourcecode.c.h; path = "NSArray+Log.h"; sourceTree = "<group>"; };
		43A477131D112E9E00BCCBB6 /* NSArray+Log.m */ = {isa = PBXFileReference; fileEncoding = 4; lastKnownFileType = sourcecode.c.objc; path = "NSArray+Log.m"; sourceTree = "<group>"; };
		43A477141D112E9E00BCCBB6 /* NSAttributedString+CZAdditon.h */ = {isa = PBXFileReference; fileEncoding = 4; lastKnownFileType = sourcecode.c.h; path = "NSAttributedString+CZAdditon.h"; sourceTree = "<group>"; };
		43A477151D112E9E00BCCBB6 /* NSAttributedString+CZAdditon.m */ = {isa = PBXFileReference; fileEncoding = 4; lastKnownFileType = sourcecode.c.objc; path = "NSAttributedString+CZAdditon.m"; sourceTree = "<group>"; };
		43A477161D112E9E00BCCBB6 /* NSObject+CZRuntime.h */ = {isa = PBXFileReference; fileEncoding = 4; lastKnownFileType = sourcecode.c.h; path = "NSObject+CZRuntime.h"; sourceTree = "<group>"; };
		43A477171D112E9E00BCCBB6 /* NSObject+CZRuntime.m */ = {isa = PBXFileReference; fileEncoding = 4; lastKnownFileType = sourcecode.c.objc; path = "NSObject+CZRuntime.m"; sourceTree = "<group>"; };
		43A477181D112E9E00BCCBB6 /* NSString+CZBase64.h */ = {isa = PBXFileReference; fileEncoding = 4; lastKnownFileType = sourcecode.c.h; path = "NSString+CZBase64.h"; sourceTree = "<group>"; };
		43A477191D112E9E00BCCBB6 /* NSString+CZBase64.m */ = {isa = PBXFileReference; fileEncoding = 4; lastKnownFileType = sourcecode.c.objc; path = "NSString+CZBase64.m"; sourceTree = "<group>"; };
		43A4771A1D112E9E00BCCBB6 /* NSString+CZHash.h */ = {isa = PBXFileReference; fileEncoding = 4; lastKnownFileType = sourcecode.c.h; path = "NSString+CZHash.h"; sourceTree = "<group>"; };
		43A4771B1D112E9E00BCCBB6 /* NSString+CZHash.m */ = {isa = PBXFileReference; fileEncoding = 4; lastKnownFileType = sourcecode.c.objc; path = "NSString+CZHash.m"; sourceTree = "<group>"; };
		43A4771C1D112E9E00BCCBB6 /* NSString+CZPath.h */ = {isa = PBXFileReference; fileEncoding = 4; lastKnownFileType = sourcecode.c.h; path = "NSString+CZPath.h"; sourceTree = "<group>"; };
		43A4771D1D112E9E00BCCBB6 /* NSString+CZPath.m */ = {isa = PBXFileReference; fileEncoding = 4; lastKnownFileType = sourcecode.c.objc; path = "NSString+CZPath.m"; sourceTree = "<group>"; };
		43A4771E1D112E9E00BCCBB6 /* UIButton+CZAddition.h */ = {isa = PBXFileReference; fileEncoding = 4; lastKnownFileType = sourcecode.c.h; path = "UIButton+CZAddition.h"; sourceTree = "<group>"; };
		43A4771F1D112E9E00BCCBB6 /* UIButton+CZAddition.m */ = {isa = PBXFileReference; fileEncoding = 4; lastKnownFileType = sourcecode.c.objc; path = "UIButton+CZAddition.m"; sourceTree = "<group>"; };
		43A477201D112E9E00BCCBB6 /* UIColor+CZAddition.h */ = {isa = PBXFileReference; fileEncoding = 4; lastKnownFileType = sourcecode.c.h; path = "UIColor+CZAddition.h"; sourceTree = "<group>"; };
		43A477211D112E9E00BCCBB6 /* UIColor+CZAddition.m */ = {isa = PBXFileReference; fileEncoding = 4; lastKnownFileType = sourcecode.c.objc; path = "UIColor+CZAddition.m"; sourceTree = "<group>"; };
		43A477221D112E9E00BCCBB6 /* UILabel+CZAddition.h */ = {isa = PBXFileReference; fileEncoding = 4; lastKnownFileType = sourcecode.c.h; path = "UILabel+CZAddition.h"; sourceTree = "<group>"; };
		43A477231D112E9E00BCCBB6 /* UILabel+CZAddition.m */ = {isa = PBXFileReference; fileEncoding = 4; lastKnownFileType = sourcecode.c.objc; path = "UILabel+CZAddition.m"; sourceTree = "<group>"; };
		43A477241D112E9E00BCCBB6 /* UIScreen+CZAddition.h */ = {isa = PBXFileReference; fileEncoding = 4; lastKnownFileType = sourcecode.c.h; path = "UIScreen+CZAddition.h"; sourceTree = "<group>"; };
		43A477251D112E9E00BCCBB6 /* UIScreen+CZAddition.m */ = {isa = PBXFileReference; fileEncoding = 4; lastKnownFileType = sourcecode.c.objc; path = "UIScreen+CZAddition.m"; sourceTree = "<group>"; };
		43A477261D112E9E00BCCBB6 /* UIView+CZAddition.h */ = {isa = PBXFileReference; fileEncoding = 4; lastKnownFileType = sourcecode.c.h; path = "UIView+CZAddition.h"; sourceTree = "<group>"; };
		43A477271D112E9E00BCCBB6 /* UIView+CZAddition.m */ = {isa = PBXFileReference; fileEncoding = 4; lastKnownFileType = sourcecode.c.objc; path = "UIView+CZAddition.m"; sourceTree = "<group>"; };
		43A477281D112E9E00BCCBB6 /* UIViewController+CZAddition.h */ = {isa = PBXFileReference; fileEncoding = 4; lastKnownFileType = sourcecode.c.h; path = "UIViewController+CZAddition.h"; sourceTree = "<group>"; };
		43A477291D112E9E00BCCBB6 /* UIViewController+CZAddition.m */ = {isa = PBXFileReference; fileEncoding = 4; lastKnownFileType = sourcecode.c.objc; path = "UIViewController+CZAddition.m"; sourceTree = "<group>"; };
		43A477391D112F0400BCCBB6 /* WYHomeViewController.h */ = {isa = PBXFileReference; fileEncoding = 4; lastKnownFileType = sourcecode.c.h; path = WYHomeViewController.h; sourceTree = "<group>"; };
		43A4773A1D112F0400BCCBB6 /* WYHomeViewController.m */ = {isa = PBXFileReference; fileEncoding = 4; lastKnownFileType = sourcecode.c.objc; path = WYHomeViewController.m; sourceTree = "<group>"; };
		43A4773C1D112F3100BCCBB6 /* WYMainViewController.h */ = {isa = PBXFileReference; fileEncoding = 4; lastKnownFileType = sourcecode.c.h; path = WYMainViewController.h; sourceTree = "<group>"; };
		43A4773D1D112F3100BCCBB6 /* WYMainViewController.m */ = {isa = PBXFileReference; fileEncoding = 4; lastKnownFileType = sourcecode.c.objc; path = WYMainViewController.m; sourceTree = "<group>"; };
		43A4773F1D11346E00BCCBB6 /* WYPrefix.pch */ = {isa = PBXFileReference; lastKnownFileType = sourcecode.c.h; path = WYPrefix.pch; sourceTree = "<group>"; };
		43A477401D114A8300BCCBB6 /* WYNewsListViewController.h */ = {isa = PBXFileReference; fileEncoding = 4; lastKnownFileType = sourcecode.c.h; name = WYNewsListViewController.h; path = ../WYNewsListViewController.h; sourceTree = "<group>"; };
		43A477411D114A8300BCCBB6 /* WYNewsListViewController.m */ = {isa = PBXFileReference; fileEncoding = 4; lastKnownFileType = sourcecode.c.objc; name = WYNewsListViewController.m; path = ../WYNewsListViewController.m; sourceTree = "<group>"; };
		43EE6D231D116CDB009678D4 /* CZNetworkManager.h */ = {isa = PBXFileReference; fileEncoding = 4; lastKnownFileType = sourcecode.c.h; path = CZNetworkManager.h; sourceTree = "<group>"; };
		43EE6D241D116CDB009678D4 /* CZNetworkManager.m */ = {isa = PBXFileReference; fileEncoding = 4; lastKnownFileType = sourcecode.c.objc; path = CZNetworkManager.m; sourceTree = "<group>"; };
		ABD902B631C8C7D8F297D072 /* Pods-网易新闻.debug.xcconfig */ = {isa = PBXFileReference; includeInIndex = 1; lastKnownFileType = text.xcconfig; name = "Pods-网易新闻.debug.xcconfig"; path = "Pods/Target Support Files/Pods-网易新闻/Pods-网易新闻.debug.xcconfig"; sourceTree = "<group>"; };
		DDD6FE60CE7E4BFD927267AC /* libPods-网易新闻.a */ = {isa = PBXFileReference; explicitFileType = archive.ar; includeInIndex = 0; path = "libPods-网易新闻.a"; sourceTree = BUILT_PRODUCTS_DIR; };
/* End PBXFileReference section */

/* Begin PBXFrameworksBuildPhase section */
		4302AE381D112A98005B1D4A /* Frameworks */ = {
			isa = PBXFrameworksBuildPhase;
			buildActionMask = 2147483647;
			files = (
				5AAFF1FDED88597607851855 /* libPods-网易新闻.a in Frameworks */,
			);
			runOnlyForDeploymentPostprocessing = 0;
		};
/* End PBXFrameworksBuildPhase section */

/* Begin PBXGroup section */
		4302AE321D112A98005B1D4A = {
			isa = PBXGroup;
			children = (
				4302AE3D1D112A98005B1D4A /* 网易新闻 */,
				4302AE3C1D112A98005B1D4A /* Products */,
				F35BB7AAEE182393E7F0CF43 /* Pods */,
				A643F15779153A7029BFFD12 /* Frameworks */,
			);
			sourceTree = "<group>";
		};
		4302AE3C1D112A98005B1D4A /* Products */ = {
			isa = PBXGroup;
			children = (
				4302AE3B1D112A98005B1D4A /* 网易新闻.app */,
			);
			name = Products;
			sourceTree = "<group>";
		};
		4302AE3D1D112A98005B1D4A /* 网易新闻 */ = {
			isa = PBXGroup;
			children = (
				43A4770F1D112E9E00BCCBB6 /* Tools */,
				4302AE411D112A98005B1D4A /* AppDelegate.h */,
				4302AE421D112A98005B1D4A /* AppDelegate.m */,
				43A477361D112EAB00BCCBB6 /* Classes */,
				4302AE3E1D112A98005B1D4A /* Supporting Files */,
			);
			path = "网易新闻";
			sourceTree = "<group>";
		};
		4302AE3E1D112A98005B1D4A /* Supporting Files */ = {
			isa = PBXGroup;
			children = (
				4302AE4A1D112A98005B1D4A /* Assets.xcassets */,
				4302AE4C1D112A98005B1D4A /* LaunchScreen.storyboard */,
				4302AE4F1D112A98005B1D4A /* Info.plist */,
				4302AE3F1D112A98005B1D4A /* main.m */,
				43A4773F1D11346E00BCCBB6 /* WYPrefix.pch */,
			);
			name = "Supporting Files";
			sourceTree = "<group>";
		};
		43097EB91D12296B009DA892 /* View */ = {
			isa = PBXGroup;
			children = (
				436F8BC01D13807C00324ADE /* WYNewsCell.h */,
				436F8BC11D13807C00324ADE /* WYNewsCell.m */,
				43097EBC1D12299F009DA892 /* WYNewsNormalCell.xib */,
				4383A7CC1D12420000967B88 /* WYNewsExtraImagesCell.xib */,
			);
			path = View;
			sourceTree = "<group>";
		};
		43629B371D119B5D002C73B6 /* NewsList */ = {
			isa = PBXGroup;
			children = (
				43629B381D119B5D002C73B6 /* Model */,
				43097EB91D12296B009DA892 /* View */,
				43A477401D114A8300BCCBB6 /* WYNewsListViewController.h */,
				43A477411D114A8300BCCBB6 /* WYNewsListViewController.m */,
			);
			path = NewsList;
			sourceTree = "<group>";
		};
		43629B381D119B5D002C73B6 /* Model */ = {
			isa = PBXGroup;
			children = (
				43629B391D119B87002C73B6 /* WYNewsListItem.h */,
				43629B3A1D119B87002C73B6 /* WYNewsListItem.m */,
			);
			path = Model;
			sourceTree = "<group>";
		};
		43A4770F1D112E9E00BCCBB6 /* Tools */ = {
			isa = PBXGroup;
			children = (
				43A477431D114F4800BCCBB6 /* NetWorking */,
				43A477101D112E9E00BCCBB6 /* Additions */,
			);
			path = Tools;
			sourceTree = "<group>";
		};
		43A477101D112E9E00BCCBB6 /* Additions */ = {
			isa = PBXGroup;
			children = (
				43A477111D112E9E00BCCBB6 /* CZAdditions.h */,
				43A477121D112E9E00BCCBB6 /* NSArray+Log.h */,
				43A477131D112E9E00BCCBB6 /* NSArray+Log.m */,
				43A477141D112E9E00BCCBB6 /* NSAttributedString+CZAdditon.h */,
				43A477151D112E9E00BCCBB6 /* NSAttributedString+CZAdditon.m */,
				43A477161D112E9E00BCCBB6 /* NSObject+CZRuntime.h */,
				43A477171D112E9E00BCCBB6 /* NSObject+CZRuntime.m */,
				43A477181D112E9E00BCCBB6 /* NSString+CZBase64.h */,
				43A477191D112E9E00BCCBB6 /* NSString+CZBase64.m */,
				43A4771A1D112E9E00BCCBB6 /* NSString+CZHash.h */,
				43A4771B1D112E9E00BCCBB6 /* NSString+CZHash.m */,
				43A4771C1D112E9E00BCCBB6 /* NSString+CZPath.h */,
				43A4771D1D112E9E00BCCBB6 /* NSString+CZPath.m */,
				43A4771E1D112E9E00BCCBB6 /* UIButton+CZAddition.h */,
				43A4771F1D112E9E00BCCBB6 /* UIButton+CZAddition.m */,
				43A477201D112E9E00BCCBB6 /* UIColor+CZAddition.h */,
				43A477211D112E9E00BCCBB6 /* UIColor+CZAddition.m */,
				43A477221D112E9E00BCCBB6 /* UILabel+CZAddition.h */,
				43A477231D112E9E00BCCBB6 /* UILabel+CZAddition.m */,
				43A477241D112E9E00BCCBB6 /* UIScreen+CZAddition.h */,
				43A477251D112E9E00BCCBB6 /* UIScreen+CZAddition.m */,
				43A477261D112E9E00BCCBB6 /* UIView+CZAddition.h */,
				43A477271D112E9E00BCCBB6 /* UIView+CZAddition.m */,
				43A477281D112E9E00BCCBB6 /* UIViewController+CZAddition.h */,
				43A477291D112E9E00BCCBB6 /* UIViewController+CZAddition.m */,
			);
			path = Additions;
			sourceTree = "<group>";
		};
		43A477361D112EAB00BCCBB6 /* Classes */ = {
			isa = PBXGroup;
			children = (
				43A477381D112EAB00BCCBB6 /* Main */,
				43A477371D112EAB00BCCBB6 /* Home */,
			);
			path = Classes;
			sourceTree = "<group>";
		};
		43A477371D112EAB00BCCBB6 /* Home */ = {
			isa = PBXGroup;
			children = (
				43629B371D119B5D002C73B6 /* NewsList */,
				43A477391D112F0400BCCBB6 /* WYHomeViewController.h */,
				43A4773A1D112F0400BCCBB6 /* WYHomeViewController.m */,
			);
			path = Home;
			sourceTree = "<group>";
		};
		43A477381D112EAB00BCCBB6 /* Main */ = {
			isa = PBXGroup;
			children = (
				43A4773C1D112F3100BCCBB6 /* WYMainViewController.h */,
				43A4773D1D112F3100BCCBB6 /* WYMainViewController.m */,
			);
			path = Main;
			sourceTree = "<group>";
		};
		43A477431D114F4800BCCBB6 /* NetWorking */ = {
			isa = PBXGroup;
			children = (
				43EE6D231D116CDB009678D4 /* CZNetworkManager.h */,
				43EE6D241D116CDB009678D4 /* CZNetworkManager.m */,
			);
			path = NetWorking;
			sourceTree = "<group>";
		};
		A643F15779153A7029BFFD12 /* Frameworks */ = {
			isa = PBXGroup;
			children = (
				DDD6FE60CE7E4BFD927267AC /* libPods-网易新闻.a */,
			);
			name = Frameworks;
			sourceTree = "<group>";
		};
		F35BB7AAEE182393E7F0CF43 /* Pods */ = {
			isa = PBXGroup;
			children = (
				ABD902B631C8C7D8F297D072 /* Pods-网易新闻.debug.xcconfig */,
				1884A1CF3CF429D18D8203BA /* Pods-网易新闻.release.xcconfig */,
			);
			name = Pods;
			sourceTree = "<group>";
		};
/* End PBXGroup section */

/* Begin PBXNativeTarget section */
		4302AE3A1D112A98005B1D4A /* 网易新闻 */ = {
			isa = PBXNativeTarget;
			buildConfigurationList = 4302AE521D112A98005B1D4A /* Build configuration list for PBXNativeTarget "网易新闻" */;
			buildPhases = (
				344185D7BAFB9F9B7DA8B9E7 /* 📦 Check Pods Manifest.lock */,
				4302AE371D112A98005B1D4A /* Sources */,
				4302AE381D112A98005B1D4A /* Frameworks */,
				4302AE391D112A98005B1D4A /* Resources */,
				61F9BDDE7CB6E6C7127EAE61 /* 📦 Embed Pods Frameworks */,
				747FA900573FA7BAB2B65888 /* 📦 Copy Pods Resources */,
			);
			buildRules = (
			);
			dependencies = (
			);
			name = "网易新闻";
			productName = "网易新闻";
			productReference = 4302AE3B1D112A98005B1D4A /* 网易新闻.app */;
			productType = "com.apple.product-type.application";
		};
/* End PBXNativeTarget section */

/* Begin PBXProject section */
		4302AE331D112A98005B1D4A /* Project object */ = {
			isa = PBXProject;
			attributes = {
				CLASSPREFIX = WY;
				LastUpgradeCheck = 0730;
				ORGANIZATIONNAME = swift;
				TargetAttributes = {
					4302AE3A1D112A98005B1D4A = {
						CreatedOnToolsVersion = 7.3.1;
					};
				};
			};
			buildConfigurationList = 4302AE361D112A98005B1D4A /* Build configuration list for PBXProject "网易新闻" */;
			compatibilityVersion = "Xcode 3.2";
			developmentRegion = English;
			hasScannedForEncodings = 0;
			knownRegions = (
				en,
				Base,
			);
			mainGroup = 4302AE321D112A98005B1D4A;
			productRefGroup = 4302AE3C1D112A98005B1D4A /* Products */;
			projectDirPath = "";
			projectRoot = "";
			targets = (
				4302AE3A1D112A98005B1D4A /* 网易新闻 */,
			);
		};
/* End PBXProject section */

/* Begin PBXResourcesBuildPhase section */
		4302AE391D112A98005B1D4A /* Resources */ = {
			isa = PBXResourcesBuildPhase;
			buildActionMask = 2147483647;
			files = (
				43097EBE1D12299F009DA892 /* WYNewsNormalCell.xib in Resources */,
				4383A7CE1D12420000967B88 /* WYNewsExtraImagesCell.xib in Resources */,
				4302AE4E1D112A98005B1D4A /* LaunchScreen.storyboard in Resources */,
				4302AE4B1D112A98005B1D4A /* Assets.xcassets in Resources */,
			);
			runOnlyForDeploymentPostprocessing = 0;
		};
/* End PBXResourcesBuildPhase section */

/* Begin PBXShellScriptBuildPhase section */
		344185D7BAFB9F9B7DA8B9E7 /* 📦 Check Pods Manifest.lock */ = {
			isa = PBXShellScriptBuildPhase;
			buildActionMask = 2147483647;
			files = (
			);
			inputPaths = (
			);
			name = "📦 Check Pods Manifest.lock";
			outputPaths = (
			);
			runOnlyForDeploymentPostprocessing = 0;
			shellPath = /bin/sh;
			shellScript = "diff \"${PODS_ROOT}/../Podfile.lock\" \"${PODS_ROOT}/Manifest.lock\" > /dev/null\nif [[ $? != 0 ]] ; then\n    cat << EOM\nerror: The sandbox is not in sync with the Podfile.lock. Run 'pod install' or update your CocoaPods installation.\nEOM\n    exit 1\nfi\n";
			showEnvVarsInLog = 0;
		};
		61F9BDDE7CB6E6C7127EAE61 /* 📦 Embed Pods Frameworks */ = {
			isa = PBXShellScriptBuildPhase;
			buildActionMask = 2147483647;
			files = (
			);
			inputPaths = (
			);
			name = "📦 Embed Pods Frameworks";
			outputPaths = (
			);
			runOnlyForDeploymentPostprocessing = 0;
			shellPath = /bin/sh;
			shellScript = "\"${SRCROOT}/Pods/Target Support Files/Pods-网易新闻/Pods-网易新闻-frameworks.sh\"\n";
			showEnvVarsInLog = 0;
		};
		747FA900573FA7BAB2B65888 /* 📦 Copy Pods Resources */ = {
			isa = PBXShellScriptBuildPhase;
			buildActionMask = 2147483647;
			files = (
			);
			inputPaths = (
			);
			name = "📦 Copy Pods Resources";
			outputPaths = (
			);
			runOnlyForDeploymentPostprocessing = 0;
			shellPath = /bin/sh;
			shellScript = "\"${SRCROOT}/Pods/Target Support Files/Pods-网易新闻/Pods-网易新闻-resources.sh\"\n";
			showEnvVarsInLog = 0;
		};
/* End PBXShellScriptBuildPhase section */

/* Begin PBXSourcesBuildPhase section */
		4302AE371D112A98005B1D4A /* Sources */ = {
			isa = PBXSourcesBuildPhase;
			buildActionMask = 2147483647;
			files = (
				43A477311D112E9E00BCCBB6 /* UIColor+CZAddition.m in Sources */,
				43A4772B1D112E9E00BCCBB6 /* NSAttributedString+CZAdditon.m in Sources */,
				43A4772F1D112E9E00BCCBB6 /* NSString+CZPath.m in Sources */,
				43A4772A1D112E9E00BCCBB6 /* NSArray+Log.m in Sources */,
				4302AE431D112A98005B1D4A /* AppDelegate.m in Sources */,
				43A4773E1D112F3100BCCBB6 /* WYMainViewController.m in Sources */,
				43A477301D112E9E00BCCBB6 /* UIButton+CZAddition.m in Sources */,
				43A477341D112E9E00BCCBB6 /* UIView+CZAddition.m in Sources */,
				43629B3B1D119B87002C73B6 /* WYNewsListItem.m in Sources */,
				43A4772E1D112E9E00BCCBB6 /* NSString+CZHash.m in Sources */,
				43A477321D112E9E00BCCBB6 /* UILabel+CZAddition.m in Sources */,
				43A477421D114A8300BCCBB6 /* WYNewsListViewController.m in Sources */,
				43EE6D251D116CDB009678D4 /* CZNetworkManager.m in Sources */,
				43A4773B1D112F0400BCCBB6 /* WYHomeViewController.m in Sources */,
				43A4772D1D112E9E00BCCBB6 /* NSString+CZBase64.m in Sources */,
				436F8BC21D13807C00324ADE /* WYNewsCell.m in Sources */,
				43A4772C1D112E9E00BCCBB6 /* NSObject+CZRuntime.m in Sources */,
				43A477351D112E9E00BCCBB6 /* UIViewController+CZAddition.m in Sources */,
				43A477331D112E9E00BCCBB6 /* UIScreen+CZAddition.m in Sources */,
				4302AE401D112A98005B1D4A /* main.m in Sources */,
			);
			runOnlyForDeploymentPostprocessing = 0;
		};
/* End PBXSourcesBuildPhase section */

/* Begin PBXVariantGroup section */
		4302AE4C1D112A98005B1D4A /* LaunchScreen.storyboard */ = {
			isa = PBXVariantGroup;
			children = (
				4302AE4D1D112A98005B1D4A /* Base */,
			);
			name = LaunchScreen.storyboard;
			sourceTree = "<group>";
		};
/* End PBXVariantGroup section */

/* Begin XCBuildConfiguration section */
		4302AE501D112A98005B1D4A /* Debug */ = {
			isa = XCBuildConfiguration;
			buildSettings = {
				ALWAYS_SEARCH_USER_PATHS = NO;
				CLANG_ANALYZER_NONNULL = YES;
				CLANG_CXX_LANGUAGE_STANDARD = "gnu++0x";
				CLANG_CXX_LIBRARY = "libc++";
				CLANG_ENABLE_MODULES = YES;
				CLANG_ENABLE_OBJC_ARC = YES;
				CLANG_WARN_BOOL_CONVERSION = YES;
				CLANG_WARN_CONSTANT_CONVERSION = YES;
				CLANG_WARN_DIRECT_OBJC_ISA_USAGE = YES_ERROR;
				CLANG_WARN_EMPTY_BODY = YES;
				CLANG_WARN_ENUM_CONVERSION = YES;
				CLANG_WARN_INT_CONVERSION = YES;
				CLANG_WARN_OBJC_ROOT_CLASS = YES_ERROR;
				CLANG_WARN_UNREACHABLE_CODE = YES;
				CLANG_WARN__DUPLICATE_METHOD_MATCH = YES;
				"CODE_SIGN_IDENTITY[sdk=iphoneos*]" = "iPhone Developer";
				COPY_PHASE_STRIP = NO;
				DEBUG_INFORMATION_FORMAT = dwarf;
				ENABLE_STRICT_OBJC_MSGSEND = YES;
				ENABLE_TESTABILITY = YES;
				GCC_C_LANGUAGE_STANDARD = gnu99;
				GCC_DYNAMIC_NO_PIC = NO;
				GCC_NO_COMMON_BLOCKS = YES;
				GCC_OPTIMIZATION_LEVEL = 0;
				GCC_PREPROCESSOR_DEFINITIONS = (
					"DEBUG=1",
					"$(inherited)",
				);
				GCC_WARN_64_TO_32_BIT_CONVERSION = YES;
				GCC_WARN_ABOUT_RETURN_TYPE = YES_ERROR;
				GCC_WARN_UNDECLARED_SELECTOR = YES;
				GCC_WARN_UNINITIALIZED_AUTOS = YES_AGGRESSIVE;
				GCC_WARN_UNUSED_FUNCTION = YES;
				GCC_WARN_UNUSED_VARIABLE = YES;
				IPHONEOS_DEPLOYMENT_TARGET = 9.3;
				MTL_ENABLE_DEBUG_INFO = YES;
				ONLY_ACTIVE_ARCH = YES;
				SDKROOT = iphoneos;
			};
			name = Debug;
		};
		4302AE511D112A98005B1D4A /* Release */ = {
			isa = XCBuildConfiguration;
			buildSettings = {
				ALWAYS_SEARCH_USER_PATHS = NO;
				CLANG_ANALYZER_NONNULL = YES;
				CLANG_CXX_LANGUAGE_STANDARD = "gnu++0x";
				CLANG_CXX_LIBRARY = "libc++";
				CLANG_ENABLE_MODULES = YES;
				CLANG_ENABLE_OBJC_ARC = YES;
				CLANG_WARN_BOOL_CONVERSION = YES;
				CLANG_WARN_CONSTANT_CONVERSION = YES;
				CLANG_WARN_DIRECT_OBJC_ISA_USAGE = YES_ERROR;
				CLANG_WARN_EMPTY_BODY = YES;
				CLANG_WARN_ENUM_CONVERSION = YES;
				CLANG_WARN_INT_CONVERSION = YES;
				CLANG_WARN_OBJC_ROOT_CLASS = YES_ERROR;
				CLANG_WARN_UNREACHABLE_CODE = YES;
				CLANG_WARN__DUPLICATE_METHOD_MATCH = YES;
				"CODE_SIGN_IDENTITY[sdk=iphoneos*]" = "iPhone Developer";
				COPY_PHASE_STRIP = NO;
				DEBUG_INFORMATION_FORMAT = "dwarf-with-dsym";
				ENABLE_NS_ASSERTIONS = NO;
				ENABLE_STRICT_OBJC_MSGSEND = YES;
				GCC_C_LANGUAGE_STANDARD = gnu99;
				GCC_NO_COMMON_BLOCKS = YES;
				GCC_WARN_64_TO_32_BIT_CONVERSION = YES;
				GCC_WARN_ABOUT_RETURN_TYPE = YES_ERROR;
				GCC_WARN_UNDECLARED_SELECTOR = YES;
				GCC_WARN_UNINITIALIZED_AUTOS = YES_AGGRESSIVE;
				GCC_WARN_UNUSED_FUNCTION = YES;
				GCC_WARN_UNUSED_VARIABLE = YES;
				IPHONEOS_DEPLOYMENT_TARGET = 9.3;
				MTL_ENABLE_DEBUG_INFO = NO;
				SDKROOT = iphoneos;
				VALIDATE_PRODUCT = YES;
			};
			name = Release;
		};
		4302AE531D112A98005B1D4A /* Debug */ = {
			isa = XCBuildConfiguration;
			baseConfigurationReference = ABD902B631C8C7D8F297D072 /* Pods-网易新闻.debug.xcconfig */;
			buildSettings = {
				ASSETCATALOG_COMPILER_APPICON_NAME = AppIcon;
				GCC_PREFIX_HEADER = "网易新闻/WYPrefix.pch";
				INFOPLIST_FILE = "网易新闻/Info.plist";
				IPHONEOS_DEPLOYMENT_TARGET = 8.0;
				LD_RUNPATH_SEARCH_PATHS = "$(inherited) @executable_path/Frameworks";
				PRODUCT_BUNDLE_IDENTIFIER = "cn.itcast.----";
				PRODUCT_NAME = "$(TARGET_NAME)";
			};
			name = Debug;
		};
		4302AE541D112A98005B1D4A /* Release */ = {
			isa = XCBuildConfiguration;
			baseConfigurationReference = 1884A1CF3CF429D18D8203BA /* Pods-网易新闻.release.xcconfig */;
			buildSettings = {
				ASSETCATALOG_COMPILER_APPICON_NAME = AppIcon;
				GCC_PREFIX_HEADER = "网易新闻/WYPrefix.pch";
				INFOPLIST_FILE = "网易新闻/Info.plist";
				IPHONEOS_DEPLOYMENT_TARGET = 8.0;
				LD_RUNPATH_SEARCH_PATHS = "$(inherited) @executable_path/Frameworks";
				PRODUCT_BUNDLE_IDENTIFIER = "cn.itcast.----";
				PRODUCT_NAME = "$(TARGET_NAME)";
			};
			name = Release;
		};
/* End XCBuildConfiguration section */

/* Begin XCConfigurationList section */
		4302AE361D112A98005B1D4A /* Build configuration list for PBXProject "网易新闻" */ = {
			isa = XCConfigurationList;
			buildConfigurations = (
				4302AE501D112A98005B1D4A /* Debug */,
				4302AE511D112A98005B1D4A /* Release */,
			);
			defaultConfigurationIsVisible = 0;
			defaultConfigurationName = Release;
		};
		4302AE521D112A98005B1D4A /* Build configuration list for PBXNativeTarget "网易新闻" */ = {
			isa = XCConfigurationList;
			buildConfigurations = (
				4302AE531D112A98005B1D4A /* Debug */,
				4302AE541D112A98005B1D4A /* Release */,
			);
			defaultConfigurationIsVisible = 0;
			defaultConfigurationName = Release;
		};
/* End XCConfigurationList section */
	};
	rootObject = 4302AE331D112A98005B1D4A /* Project object */;
}
